{
    "_meta": {
        "hash": {
            "sha256": "16d12cfc98710207b6db4a355272aecd7626df74e7b9bccbbf3ce4976a7c1369"
        },
        "pipfile-spec": 6,
        "requires": {
            "python_version": "3.8"
        },
        "sources": [
            {
                "name": "pypi",
                "url": "https://pypi.org/simple",
                "verify_ssl": true
            }
        ]
    },
    "default": {
        "pypng": {
            "hashes": [
                "sha256:1032833440c91bafee38a42c38c02d00431b24c42927feb3e63b104d8550170b",
                "sha256:c5fb0686a8fd5fc771c4a6a56d0eee9241d9dab68f4b4be583782f726e582030"
            ],
            "index": "pypi",
            "version": "==0.0.20"
        },
        "pyqrcode": {
            "hashes": [
                "sha256:1b2812775fa6ff5c527977c4cd2ccb07051ca7d0bc0aecf937a43864abe5eff6",
                "sha256:fdbf7634733e56b72e27f9bce46e4550b75a3a2c420414035cae9d9d26b234d5"
            ],
            "index": "pypi",
            "version": "==1.2.1"
        }
    },
    "develop": {}
}
